lockfileVersion: '9.0'

settings:
  autoInstallPeers: true
  excludeLinksFromLockfile: false

importers:

  .:
    devDependencies:
      '@gplassard/projen-extensions':
        specifier: ^0.0.97
        version: 0.0.97
      projen:
        specifier: ^0.81.5
        version: 0.81.5(constructs@10.3.0)

packages:

  '@gplassard/projen-extensions@0.0.97':
    resolution: {integrity: sha512-LueXDsNNPzP1QDeVQNCwpwOY1Q51SZWsiIjHHjRza87Uf7ZoU9W94GzzIUwJtf88G/V/KQ1/dxe3kfWj6VCRwg==, tarball: https://npm.pkg.github.com/download/@gplassard/projen-extensions/0.0.97/484aae8b3645a64441f466987eb8388c9ad39248}

  constructs@10.3.0:
    resolution: {integrity: sha512-vbK8i3rIb/xwZxSpTjz3SagHn1qq9BChLEfy5Hf6fB3/2eFbrwt2n9kHwQcS0CPTRBesreeAcsJfMq2229FnbQ==}
    engines: {node: '>= 16.14.0'}

  projen@0.81.5:
    resolution: {integrity: sha512-INiusfzl31lnBkSxrwgsZ5gEgoIE8WufZ2ihDjYzn0BqJcWuFhLX+ayi0vZ9HS7mjyUx3KSy2gTLznt2t+OgpQ==}
    engines: {node: '>= 16.0.0'}
    hasBin: true
    peerDependencies:
      constructs: ^10.0.0
    bundledDependencies:
      - '@iarna/toml'
      - case
      - chalk
      - comment-json
      - conventional-changelog-config-spec
      - fast-json-patch
      - glob
      - ini
      - semver
      - shx
      - xmlbuilder2
      - yaml
      - yargs

snapshots:

  '@gplassard/projen-extensions@0.0.97':
    dependencies:
      constructs: 10.3.0
      projen: 0.81.5(constructs@10.3.0)

  constructs@10.3.0: {}

  projen@0.81.5(constructs@10.3.0):
    dependencies:
      constructs: 10.3.0
